// !$*UTF8*$!
{
	archiveVersion = 1;
	classes = {
	};
	objectVersion = 56;
	objects = {

/* Begin PBXBuildFile section */
		91A318362C45AA2800ABD1A7 /* Chip_8_Emulator_Swift_MacOSApp.swift in Sources */ = {isa = PBXBuildFile; fileRef = 91A318352C45AA2800ABD1A7 /* Chip_8_Emulator_Swift_MacOSApp.swift */; };
		91A318382C45AA2800ABD1A7 /* ContentView.swift in Sources */ = {isa = PBXBuildFile; fileRef = 91A318372C45AA2800ABD1A7 /* ContentView.swift */; };
		91A3183A2C45AA2B00ABD1A7 /* Assets.xcassets in Resources */ = {isa = PBXBuildFile; fileRef = 91A318392C45AA2B00ABD1A7 /* Assets.xcassets */; };
		91A3183D2C45AA2B00ABD1A7 /* Preview Assets.xcassets in Resources */ = {isa = PBXBuildFile; fileRef = 91A3183C2C45AA2B00ABD1A7 /* Preview Assets.xcassets */; };
		91A318492C45AED200ABD1A7 /* Chip8.swift in Sources */ = {isa = PBXBuildFile; fileRef = 91A318482C45AED200ABD1A7 /* Chip8.swift */; };
		91A3184B2C45AEDD00ABD1A7 /* Opcode.swift in Sources */ = {isa = PBXBuildFile; fileRef = 91A3184A2C45AEDD00ABD1A7 /* Opcode.swift */; };
		91A3184D2C45AEE900ABD1A7 /* Timer.swift in Sources */ = {isa = PBXBuildFile; fileRef = 91A3184C2C45AEE900ABD1A7 /* Timer.swift */; };
		91A3184F2C45AEF900ABD1A7 /* SoundManager.swift in Sources */ = {isa = PBXBuildFile; fileRef = 91A3184E2C45AEF900ABD1A7 /* SoundManager.swift */; };
		91A318522C45AFA900ABD1A7 /* DisplayView.swift in Sources */ = {isa = PBXBuildFile; fileRef = 91A318512C45AFA900ABD1A7 /* DisplayView.swift */; };
		91A318542C45AFBC00ABD1A7 /* KeyboardInput.swift in Sources */ = {isa = PBXBuildFile; fileRef = 91A318532C45AFBC00ABD1A7 /* KeyboardInput.swift */; };
		91A318592C45C60700ABD1A7 /* FilePickerViewModel.swift in Sources */ = {isa = PBXBuildFile; fileRef = 91A318582C45C60700ABD1A7 /* FilePickerViewModel.swift */; };
		91A3185B2C45CA1300ABD1A7 /* Utility.swift in Sources */ = {isa = PBXBuildFile; fileRef = 91A3185A2C45CA1300ABD1A7 /* Utility.swift */; };
/* End PBXBuildFile section */

/* Begin PBXFileReference section */
		91A318322C45AA2800ABD1A7 /* Chip-8 Emulator Swift MacOS.app */ = {isa = PBXFileReference; explicitFileType = wrapper.application; includeInIndex = 0; path = "Chip-8 Emulator Swift MacOS.app"; sourceTree = BUILT_PRODUCTS_DIR; };
		91A318352C45AA2800ABD1A7 /* Chip_8_Emulator_Swift_MacOSApp.swift */ = {isa = PBXFileReference; lastKnownFileType = sourcecode.swift; path = Chip_8_Emulator_Swift_MacOSApp.swift; sourceTree = "<group>"; };
		91A318372C45AA2800ABD1A7 /* ContentView.swift */ = {isa = PBXFileReference; lastKnownFileType = sourcecode.swift; path = ContentView.swift; sourceTree = "<group>"; };
		91A318392C45AA2B00ABD1A7 /* Assets.xcassets */ = {isa = PBXFileReference; lastKnownFileType = folder.assetcatalog; path = Assets.xcassets; sourceTree = "<group>"; };
		91A3183C2C45AA2B00ABD1A7 /* Preview Assets.xcassets */ = {isa = PBXFileReference; lastKnownFileType = folder.assetcatalog; path = "Preview Assets.xcassets"; sourceTree = "<group>"; };
		91A3183E2C45AA2B00ABD1A7 /* Chip_8_Emulator_Swift_MacOS.entitlements */ = {isa = PBXFileReference; lastKnownFileType = text.plist.entitlements; path = Chip_8_Emulator_Swift_MacOS.entitlements; sourceTree = "<group>"; };
		91A318482C45AED200ABD1A7 /* Chip8.swift */ = {isa = PBXFileReference; lastKnownFileType = sourcecode.swift; path = Chip8.swift; sourceTree = "<group>"; };
		91A3184A2C45AEDD00ABD1A7 /* Opcode.swift */ = {isa = PBXFileReference; lastKnownFileType = sourcecode.swift; path = Opcode.swift; sourceTree = "<group>"; };
		91A3184C2C45AEE900ABD1A7 /* Timer.swift */ = {isa = PBXFileReference; lastKnownFileType = sourcecode.swift; path = Timer.swift; sourceTree = "<group>"; };
		91A3184E2C45AEF900ABD1A7 /* SoundManager.swift */ = {isa = PBXFileReference; lastKnownFileType = sourcecode.swift; path = SoundManager.swift; sourceTree = "<group>"; };
		91A318512C45AFA900ABD1A7 /* DisplayView.swift */ = {isa = PBXFileReference; lastKnownFileType = sourcecode.swift; path = DisplayView.swift; sourceTree = "<group>"; };
		91A318532C45AFBC00ABD1A7 /* KeyboardInput.swift */ = {isa = PBXFileReference; lastKnownFileType = sourcecode.swift; path = KeyboardInput.swift; sourceTree = "<group>"; };
		91A318582C45C60700ABD1A7 /* FilePickerViewModel.swift */ = {isa = PBXFileReference; lastKnownFileType = sourcecode.swift; path = FilePickerViewModel.swift; sourceTree = "<group>"; };
		91A3185A2C45CA1300ABD1A7 /* Utility.swift */ = {isa = PBXFileReference; lastKnownFileType = sourcecode.swift; path = Utility.swift; sourceTree = "<group>"; };
/* End PBXFileReference section */

/* Begin PBXFrameworksBuildPhase section */
		91A3182F2C45AA2800ABD1A7 /* Frameworks */ = {
			isa = PBXFrameworksBuildPhase;
			buildActionMask = 2147483647;
			files = (
			);
			runOnlyForDeploymentPostprocessing = 0;
		};
/* End PBXFrameworksBuildPhase section */

/* Begin PBXGroup section */
		91A318292C45AA2800ABD1A7 = {
			isa = PBXGroup;
			children = (
				91A318342C45AA2800ABD1A7 /* Chip-8 Emulator Swift MacOS */,
				91A318332C45AA2800ABD1A7 /* Products */,
			);
			sourceTree = "<group>";
		};
		91A318332C45AA2800ABD1A7 /* Products */ = {
			isa = PBXGroup;
			children = (
				91A318322C45AA2800ABD1A7 /* Chip-8 Emulator Swift MacOS.app */,
			);
			name = Products;
			sourceTree = "<group>";
		};
		91A318342C45AA2800ABD1A7 /* Chip-8 Emulator Swift MacOS */ = {
			isa = PBXGroup;
			children = (
				91A3185C2C45CA4200ABD1A7 /* Utilities */,
				91A318572C45C5EE00ABD1A7 /* ViewModels */,
				91A318552C45AFEA00ABD1A7 /* Resources */,
				91A318502C45AF0100ABD1A7 /* UI */,
				91A318472C45AEBF00ABD1A7 /* Emulator */,
				91A318352C45AA2800ABD1A7 /* Chip_8_Emulator_Swift_MacOSApp.swift */,
				91A318372C45AA2800ABD1A7 /* ContentView.swift */,
				91A318392C45AA2B00ABD1A7 /* Assets.xcassets */,
				91A3183E2C45AA2B00ABD1A7 /* Chip_8_Emulator_Swift_MacOS.entitlements */,
				91A3183B2C45AA2B00ABD1A7 /* Preview Content */,
			);
			path = "Chip-8 Emulator Swift MacOS";
			sourceTree = "<group>";
		};
		91A3183B2C45AA2B00ABD1A7 /* Preview Content */ = {
			isa = PBXGroup;
			children = (
				91A3183C2C45AA2B00ABD1A7 /* Preview Assets.xcassets */,
			);
			path = "Preview Content";
			sourceTree = "<group>";
		};
		91A318472C45AEBF00ABD1A7 /* Emulator */ = {
			isa = PBXGroup;
			children = (
				91A318482C45AED200ABD1A7 /* Chip8.swift */,
				91A3184A2C45AEDD00ABD1A7 /* Opcode.swift */,
				91A3184C2C45AEE900ABD1A7 /* Timer.swift */,
				91A3184E2C45AEF900ABD1A7 /* SoundManager.swift */,
			);
			path = Emulator;
			sourceTree = "<group>";
		};
		91A318502C45AF0100ABD1A7 /* UI */ = {
			isa = PBXGroup;
			children = (
				91A318512C45AFA900ABD1A7 /* DisplayView.swift */,
				91A318532C45AFBC00ABD1A7 /* KeyboardInput.swift */,
			);
			path = UI;
			sourceTree = "<group>";
		};
		91A318552C45AFEA00ABD1A7 /* Resources */ = {
			isa = PBXGroup;
			children = (
				91A318562C45AFF700ABD1A7 /* Sounds */,
			);
			path = Resources;
			sourceTree = "<group>";
		};
		91A318562C45AFF700ABD1A7 /* Sounds */ = {
			isa = PBXGroup;
			children = (
			);
			path = Sounds;
			sourceTree = "<group>";
		};
		91A318572C45C5EE00ABD1A7 /* ViewModels */ = {
			isa = PBXGroup;
			children = (
				91A318582C45C60700ABD1A7 /* FilePickerViewModel.swift */,
			);
			path = ViewModels;
			sourceTree = "<group>";
		};
		91A3185C2C45CA4200ABD1A7 /* Utilities */ = {
			isa = PBXGroup;
			children = (
				91A3185A2C45CA1300ABD1A7 /* Utility.swift */,
			);
			path = Utilities;
			sourceTree = "<group>";
		};
/* End PBXGroup section */

/* Begin PBXNativeTarget section */
		91A318312C45AA2800ABD1A7 /* Chip-8 Emulator Swift MacOS */ = {
			isa = PBXNativeTarget;
			buildConfigurationList = 91A318412C45AA2B00ABD1A7 /* Build configuration list for PBXNativeTarget "Chip-8 Emulator Swift MacOS" */;
			buildPhases = (
				91A3182E2C45AA2800ABD1A7 /* Sources */,
				91A3182F2C45AA2800ABD1A7 /* Frameworks */,
				91A318302C45AA2800ABD1A7 /* Resources */,
			);
			buildRules = (
			);
			dependencies = (
			);
			name = "Chip-8 Emulator Swift MacOS";
			productName = "Chip-8 Emulator Swift MacOS";
			productReference = 91A318322C45AA2800ABD1A7 /* Chip-8 Emulator Swift MacOS.app */;
			productType = "com.apple.product-type.application";
		};
/* End PBXNativeTarget section */

/* Begin PBXProject section */
		91A3182A2C45AA2800ABD1A7 /* Project object */ = {
			isa = PBXProject;
			attributes = {
				BuildIndependentTargetsInParallel = 1;
				LastSwiftUpdateCheck = 1540;
				LastUpgradeCheck = 1540;
				TargetAttributes = {
					91A318312C45AA2800ABD1A7 = {
						CreatedOnToolsVersion = 15.4;
					};
				};
			};
			buildConfigurationList = 91A3182D2C45AA2800ABD1A7 /* Build configuration list for PBXProject "Chip-8 Emulator Swift MacOS" */;
			compatibilityVersion = "Xcode 14.0";
			developmentRegion = en;
			hasScannedForEncodings = 0;
			knownRegions = (
				en,
				Base,
			);
			mainGroup = 91A318292C45AA2800ABD1A7;
			productRefGroup = 91A318332C45AA2800ABD1A7 /* Products */;
			projectDirPath = "";
			projectRoot = "";
			targets = (
				91A318312C45AA2800ABD1A7 /* Chip-8 Emulator Swift MacOS */,
			);
		};
/* End PBXProject section */

/* Begin PBXResourcesBuildPhase section */
		91A318302C45AA2800ABD1A7 /* Resources */ = {
			isa = PBXResourcesBuildPhase;
			buildActionMask = 2147483647;
			files = (
				91A3183D2C45AA2B00ABD1A7 /* Preview Assets.xcassets in Resources */,
				91A3183A2C45AA2B00ABD1A7 /* Assets.xcassets in Resources */,
			);
			runOnlyForDeploymentPostprocessing = 0;
		};
/* End PBXResourcesBuildPhase section */

/* Begin PBXSourcesBuildPhase section */
		91A3182E2C45AA2800ABD1A7 /* Sources */ = {
			isa = PBXSourcesBuildPhase;
			buildActionMask = 2147483647;
			files = (
				91A3185B2C45CA1300ABD1A7 /* Utility.swift in Sources */,
				91A318492C45AED200ABD1A7 /* Chip8.swift in Sources */,
				91A318522C45AFA900ABD1A7 /* DisplayView.swift in Sources */,
				91A3184B2C45AEDD00ABD1A7 /* Opcode.swift in Sources */,
				91A318382C45AA2800ABD1A7 /* ContentView.swift in Sources */,
				91A3184D2C45AEE900ABD1A7 /* Timer.swift in Sources */,
				91A318362C45AA2800ABD1A7 /* Chip_8_Emulator_Swift_MacOSApp.swift in Sources */,
				91A3184F2C45AEF900ABD1A7 /* SoundManager.swift in Sources */,
				91A318592C45C60700ABD1A7 /* FilePickerViewModel.swift in Sources */,
				91A318542C45AFBC00ABD1A7 /* KeyboardInput.swift in Sources */,
			);
			runOnlyForDeploymentPostprocessing = 0;
		};
/* End PBXSourcesBuildPhase section */

/* Begin XCBuildConfiguration section */
		91A3183F2C45AA2B00ABD1A7 /* Debug */ = {
			isa = XCBuildConfiguration;
			buildSettings = {
				ALWAYS_SEARCH_USER_PATHS = NO;
				ASSETCATALOG_COMPILER_GENERATE_SWIFT_ASSET_SYMBOL_EXTENSIONS = YES;
				CLANG_ANALYZER_NONNULL = YES;
				CLANG_ANALYZER_NUMBER_OBJECT_CONVERSION = YES_AGGRESSIVE;
				CLANG_CXX_LANGUAGE_STANDARD = "gnu++20";
				CLANG_ENABLE_MODULES = YES;
				CLANG_ENABLE_OBJC_ARC = YES;
				CLANG_ENABLE_OBJC_WEAK = YES;
				CLANG_WARN_BLOCK_CAPTURE_AUTORELEASING = YES;
				CLANG_WARN_BOOL_CONVERSION = YES;
				CLANG_WARN_COMMA = YES;
				CLANG_WARN_CONSTANT_CONVERSION = YES;
				CLANG_WARN_DEPRECATED_OBJC_IMPLEMENTATIONS = YES;
				CLANG_WARN_DIRECT_OBJC_ISA_USAGE = YES_ERROR;
				CLANG_WARN_DOCUMENTATION_COMMENTS = YES;
				CLANG_WARN_EMPTY_BODY = YES;
				CLANG_WARN_ENUM_CONVERSION = YES;
				CLANG_WARN_INFINITE_RECURSION = YES;
				CLANG_WARN_INT_CONVERSION = YES;
				CLANG_WARN_NON_LITERAL_NULL_CONVERSION = YES;
				CLANG_WARN_OBJC_IMPLICIT_RETAIN_SELF = YES;
				CLANG_WARN_OBJC_LITERAL_CONVERSION = YES;
				CLANG_WARN_OBJC_ROOT_CLASS = YES_ERROR;
				CLANG_WARN_QUOTED_INCLUDE_IN_FRAMEWORK_HEADER = YES;
				CLANG_WARN_RANGE_LOOP_ANALYSIS = YES;
				CLANG_WARN_STRICT_PROTOTYPES = YES;
				CLANG_WARN_SUSPICIOUS_MOVE = YES;
				CLANG_WARN_UNGUARDED_AVAILABILITY = YES_AGGRESSIVE;
				CLANG_WARN_UNREACHABLE_CODE = YES;
				CLANG_WARN__DUPLICATE_METHOD_MATCH = YES;
				COPY_PHASE_STRIP = NO;
				DEBUG_INFORMATION_FORMAT = dwarf;
				ENABLE_STRICT_OBJC_MSGSEND = YES;
				ENABLE_TESTABILITY = YES;
				ENABLE_USER_SCRIPT_SANDBOXING = YES;
				GCC_C_LANGUAGE_STANDARD = gnu17;
				GCC_DYNAMIC_NO_PIC = NO;
				GCC_NO_COMMON_BLOCKS = YES;
				GCC_OPTIMIZATION_LEVEL = 0;
				GCC_PREPROCESSOR_DEFINITIONS = (
					"DEBUG=1",
					"$(inherited)",
				);
				GCC_WARN_64_TO_32_BIT_CONVERSION = YES;
				GCC_WARN_ABOUT_RETURN_TYPE = YES_ERROR;
				GCC_WARN_UNDECLARED_SELECTOR = YES;
				GCC_WARN_UNINITIALIZED_AUTOS = YES_AGGRESSIVE;
				GCC_WARN_UNUSED_FUNCTION = YES;
				GCC_WARN_UNUSED_VARIABLE = YES;
				LOCALIZATION_PREFERS_STRING_CATALOGS = YES;
				MACOSX_DEPLOYMENT_TARGET = 14.5;
				MTL_ENABLE_DEBUG_INFO = INCLUDE_SOURCE;
				MTL_FAST_MATH = YES;
				ONLY_ACTIVE_ARCH = YES;
				SDKROOT = macosx;
				SWIFT_ACTIVE_COMPILATION_CONDITIONS = "DEBUG $(inherited)";
				SWIFT_OPTIMIZATION_LEVEL = "-Onone";
			};
			name = Debug;
		};
		91A318402C45AA2B00ABD1A7 /* Release */ = {
			isa = XCBuildConfiguration;
			buildSettings = {
				ALWAYS_SEARCH_USER_PATHS = NO;
				ASSETCATALOG_COMPILER_GENERATE_SWIFT_ASSET_SYMBOL_EXTENSIONS = YES;
				CLANG_ANALYZER_NONNULL = YES;
				CLANG_ANALYZER_NUMBER_OBJECT_CONVERSION = YES_AGGRESSIVE;
				CLANG_CXX_LANGUAGE_STANDARD = "gnu++20";
				CLANG_ENABLE_MODULES = YES;
				CLANG_ENABLE_OBJC_ARC = YES;
				CLANG_ENABLE_OBJC_WEAK = YES;
				CLANG_WARN_BLOCK_CAPTURE_AUTORELEASING = YES;
				CLANG_WARN_BOOL_CONVERSION = YES;
				CLANG_WARN_COMMA = YES;
				CLANG_WARN_CONSTANT_CONVERSION = YES;
				CLANG_WARN_DEPRECATED_OBJC_IMPLEMENTATIONS = YES;
				CLANG_WARN_DIRECT_OBJC_ISA_USAGE = YES_ERROR;
				CLANG_WARN_DOCUMENTATION_COMMENTS = YES;
				CLANG_WARN_EMPTY_BODY = YES;
				CLANG_WARN_ENUM_CONVERSION = YES;
				CLANG_WARN_INFINITE_RECURSION = YES;
				CLANG_WARN_INT_CONVERSION = YES;
				CLANG_WARN_NON_LITERAL_NULL_CONVERSION = YES;
				CLANG_WARN_OBJC_IMPLICIT_RETAIN_SELF = YES;
				CLANG_WARN_OBJC_LITERAL_CONVERSION = YES;
				CLANG_WARN_OBJC_ROOT_CLASS = YES_ERROR;
				CLANG_WARN_QUOTED_INCLUDE_IN_FRAMEWORK_HEADER = YES;
				CLANG_WARN_RANGE_LOOP_ANALYSIS = YES;
				CLANG_WARN_STRICT_PROTOTYPES = YES;
				CLANG_WARN_SUSPICIOUS_MOVE = YES;
				CLANG_WARN_UNGUARDED_AVAILABILITY = YES_AGGRESSIVE;
				CLANG_WARN_UNREACHABLE_CODE = YES;
				CLANG_WARN__DUPLICATE_METHOD_MATCH = YES;
				COPY_PHASE_STRIP = NO;
				DEBUG_INFORMATION_FORMAT = "dwarf-with-dsym";
				ENABLE_NS_ASSERTIONS = NO;
				ENABLE_STRICT_OBJC_MSGSEND = YES;
				ENABLE_USER_SCRIPT_SANDBOXING = YES;
				GCC_C_LANGUAGE_STANDARD = gnu17;
				GCC_NO_COMMON_BLOCKS = YES;
				GCC_WARN_64_TO_32_BIT_CONVERSION = YES;
				GCC_WARN_ABOUT_RETURN_TYPE = YES_ERROR;
				GCC_WARN_UNDECLARED_SELECTOR = YES;
				GCC_WARN_UNINITIALIZED_AUTOS = YES_AGGRESSIVE;
				GCC_WARN_UNUSED_FUNCTION = YES;
				GCC_WARN_UNUSED_VARIABLE = YES;
				LOCALIZATION_PREFERS_STRING_CATALOGS = YES;
				MACOSX_DEPLOYMENT_TARGET = 14.5;
				MTL_ENABLE_DEBUG_INFO = NO;
				MTL_FAST_MATH = YES;
				SDKROOT = macosx;
				SWIFT_COMPILATION_MODE = wholemodule;
			};
			name = Release;
		};
		91A318422C45AA2B00ABD1A7 /* Debug */ = {
			isa = XCBuildConfiguration;
			buildSettings = {
				ASSETCATALOG_COMPILER_APPICON_NAME = AppIcon;
				ASSETCATALOG_COMPILER_GLOBAL_ACCENT_COLOR_NAME = AccentColor;
				CODE_SIGN_ENTITLEMENTS = "Chip-8 Emulator Swift MacOS/Chip_8_Emulator_Swift_MacOS.entitlements";
				CODE_SIGN_STYLE = Automatic;
				COMBINE_HIDPI_IMAGES = YES;
				CURRENT_PROJECT_VERSION = 1;
				DEVELOPMENT_ASSET_PATHS = "\"Chip-8 Emulator Swift MacOS/Preview Content\"";
				DEVELOPMENT_TEAM = W5JZ8723JJ;
				ENABLE_HARDENED_RUNTIME = YES;
				ENABLE_PREVIEWS = YES;
				GENERATE_INFOPLIST_FILE = YES;
				INFOPLIST_KEY_NSHumanReadableCopyright = "";
				LD_RUNPATH_SEARCH_PATHS = (
					"$(inherited)",
					"@executable_path/../Frameworks",
				);
				MARKETING_VERSION = 1.0;
				PRODUCT_BUNDLE_IDENTIFIER = "com.willthompson99.Chip-8-Emulator-Swift-MacOS";
				PRODUCT_NAME = "$(TARGET_NAME)";
				SWIFT_EMIT_LOC_STRINGS = YES;
				SWIFT_VERSION = 5.0;
			};
			name = Debug;
		};
		91A318432C45AA2B00ABD1A7 /* Release */ = {
			isa = XCBuildConfiguration;
			buildSettings = {
				ASSETCATALOG_COMPILER_APPICON_NAME = AppIcon;
				ASSETCATALOG_COMPILER_GLOBAL_ACCENT_COLOR_NAME = AccentColor;
				CODE_SIGN_ENTITLEMENTS = "Chip-8 Emulator Swift MacOS/Chip_8_Emulator_Swift_MacOS.entitlements";
				CODE_SIGN_STYLE = Automatic;
				COMBINE_HIDPI_IMAGES = YES;
				CURRENT_PROJECT_VERSION = 1;
				DEVELOPMENT_ASSET_PATHS = "\"Chip-8 Emulator Swift MacOS/Preview Content\"";
				DEVELOPMENT_TEAM = W5JZ8723JJ;
				ENABLE_HARDENED_RUNTIME = YES;
				ENABLE_PREVIEWS = YES;
				GENERATE_INFOPLIST_FILE = YES;
				INFOPLIST_KEY_NSHumanReadableCopyright = "";
				LD_RUNPATH_SEARCH_PATHS = (
					"$(inherited)",
					"@executable_path/../Frameworks",
				);
				MARKETING_VERSION = 1.0;
				PRODUCT_BUNDLE_IDENTIFIER = "com.willthompson99.Chip-8-Emulator-Swift-MacOS";
				PRODUCT_NAME = "$(TARGET_NAME)";
				SWIFT_EMIT_LOC_STRINGS = YES;
				SWIFT_VERSION = 5.0;
			};
			name = Release;
		};
/* End XCBuildConfiguration section */

/* Begin XCConfigurationList section */
		91A3182D2C45AA2800ABD1A7 /* Build configuration list for PBXProject "Chip-8 Emulator Swift MacOS" */ = {
			isa = XCConfigurationList;
			buildConfigurations = (
				91A3183F2C45AA2B00ABD1A7 /* Debug */,
				91A318402C45AA2B00ABD1A7 /* Release */,
			);
			defaultConfigurationIsVisible = 0;
			defaultConfigurationName = Release;
		};
		91A318412C45AA2B00ABD1A7 /* Build configuration list for PBXNativeTarget "Chip-8 Emulator Swift MacOS" */ = {
			isa = XCConfigurationList;
			buildConfigurations = (
				91A318422C45AA2B00ABD1A7 /* Debug */,
				91A318432C45AA2B00ABD1A7 /* Release */,
			);
			defaultConfigurationIsVisible = 0;
			defaultConfigurationName = Release;
		};
/* End XCConfigurationList section */
	};
	rootObject = 91A3182A2C45AA2800ABD1A7 /* Project object */;
}
